version = 1
revision = 2
requires-python = ">=3.12"

[[package]]
name = "colorama"
version = "0.4.6"
source = { registry = "https://pypi.org/simple" }
sdist = { url = "https://files.pythonhosted.org/packages/d8/53/6f443c9a4a8358a93a6792e2acffb9d9d5cb0a5cfd8802644b7b1c9a02e4/colorama-0.4.6.tar.gz", hash = "sha256:08695f5cb7ed6e0531a20572697297273c47b8cae5a63ffc6d6ed5c201be6e44", size = 27697, upload-time = "2022-10-25T02:36:22.414Z" }
wheels = [
    { url = "https://files.pythonhosted.org/packages/d1/d6/3965ed04c63042e047cb6a3e6ed1a63a35087b6a609aa3a15ed8ac56c221/colorama-0.4.6-py2.py3-none-any.whl", hash = "sha256:4f1d9991f5acc0ca119f9d443620b77f9d6b33703e51011c16baf57afb285fc6", size = 25335, upload-time = "2022-10-25T02:36:20.889Z" },
]

[[package]]
name = "dnspython"
version = "2.7.0"
source = { registry = "https://pypi.org/simple" }
sdist = { url = "https://files.pythonhosted.org/packages/b5/4a/263763cb2ba3816dd94b08ad3a33d5fdae34ecb856678773cc40a3605829/dnspython-2.7.0.tar.gz", hash = "sha256:ce9c432eda0dc91cf618a5cedf1a4e142651196bbcd2c80e89ed5a907e5cfaf1", size = 345197, upload-time = "2024-10-05T20:14:59.362Z" }
wheels = [
    { url = "https://files.pythonhosted.org/packages/68/1b/e0a87d256e40e8c888847551b20a017a6b98139178505dc7ffb96f04e954/dnspython-2.7.0-py3-none-any.whl", hash = "sha256:b4c34b7d10b51bcc3a5071e7b8dee77939f1e878477eeecc965e9835f63c6c86", size = 313632, upload-time = "2024-10-05T20:14:57.687Z" },
]

[[package]]
name = "iniconfig"
version = "2.1.0"
source = { registry = "https://pypi.org/simple" }
sdist = { url = "https://files.pythonhosted.org/packages/f2/97/ebf4da567aa6827c909642694d71c9fcf53e5b504f2d96afea02718862f3/iniconfig-2.1.0.tar.gz", hash = "sha256:3abbd2e30b36733fee78f9c7f7308f2d0050e88f0087fd25c2645f63c773e1c7", size = 4793, upload-time = "2025-03-19T20:09:59.721Z" }
wheels = [
    { url = "https://files.pythonhosted.org/packages/2c/e1/e6716421ea10d38022b952c159d5161ca1193197fb744506875fbb87ea7b/iniconfig-2.1.0-py3-none-any.whl", hash = "sha256:9deba5723312380e77435581c6bf4935c94cbfab9b1ed33ef8d238ea168eb760", size = 6050, upload-time = "2025-03-19T20:10:01.071Z" },
]

[[package]]
name = "integration-tests"
version = "0.1.0"
source = { virtual = "." }
dependencies = [
    { name = "pymongo" },
    { name = "python-dotenv" },
]

[package.dev-dependencies]
dev = [
    { name = "pytest" },
    { name = "pytest-asyncio" },
    { name = "ruff" },
]

[package.metadata]
requires-dist = [
    { name = "pymongo", specifier = ">=4.14.1" },
    { name = "python-dotenv", specifier = ">=1.1.1" },
]

[package.metadata.requires-dev]
dev = [
    { name = "pytest", specifier = ">=8.4.1" },
    { name = "pytest-asyncio", specifier = ">=1.1.0" },
    { name = "ruff", specifier = ">=0.12.11" },
]

[[package]]
name = "packaging"
version = "25.0"
source = { registry = "https://pypi.org/simple" }
sdist = { url = "https://files.pythonhosted.org/packages/a1/d4/1fc4078c65507b51b96ca8f8c3ba19e6a61c8253c72794544580a7b6c24d/packaging-25.0.tar.gz", hash = "sha256:d443872c98d677bf60f6a1f2f8c1cb748e8fe762d2bf9d3148b5599295b0fc4f", size = 165727, upload-time = "2025-04-19T11:48:59.673Z" }
wheels = [
    { url = "https://files.pythonhosted.org/packages/20/12/38679034af332785aac8774540895e234f4d07f7545804097de4b666afd8/packaging-25.0-py3-none-any.whl", hash = "sha256:29572ef2b1f17581046b3a2227d5c611fb25ec70ca1ba8554b24b0e69331a484", size = 66469, upload-time = "2025-04-19T11:48:57.875Z" },
]

[[package]]
name = "pluggy"
version = "1.6.0"
source = { registry = "https://pypi.org/simple" }
sdist = { url = "https://files.pythonhosted.org/packages/f9/e2/3e91f31a7d2b083fe6ef3fa267035b518369d9511ffab804f839851d2779/pluggy-1.6.0.tar.gz", hash = "sha256:7dcc130b76258d33b90f61b658791dede3486c3e6bfb003ee5c9bfb396dd22f3", size = 69412, upload-time = "2025-05-15T12:30:07.975Z" }
wheels = [
    { url = "https://files.pythonhosted.org/packages/54/20/4d324d65cc6d9205fabedc306948156824eb9f0ee1633355a8f7ec5c66bf/pluggy-1.6.0-py3-none-any.whl", hash = "sha256:e920276dd6813095e9377c0bc5566d94c932c33b27a3e3945d8389c374dd4746", size = 20538, upload-time = "2025-05-15T12:30:06.134Z" },
]

[[package]]
name = "pygments"
version = "2.19.2"
source = { registry = "https://pypi.org/simple" }
sdist = { url = "https://files.pythonhosted.org/packages/b0/77/a5b8c569bf593b0140bde72ea885a803b82086995367bf2037de0159d924/pygments-2.19.2.tar.gz", hash = "sha256:636cb2477cec7f8952536970bc533bc43743542f70392ae026374600add5b887", size = 4968631, upload-time = "2025-06-21T13:39:12.283Z" }
wheels = [
    { url = "https://files.pythonhosted.org/packages/c7/21/705964c7812476f378728bdf590ca4b771ec72385c533964653c68e86bdc/pygments-2.19.2-py3-none-any.whl", hash = "sha256:86540386c03d588bb81d44bc3928634ff26449851e99741617ecb9037ee5ec0b", size = 1225217, upload-time = "2025-06-21T13:39:07.939Z" },
]

[[package]]
name = "pymongo"
version = "4.14.1"
source = { registry = "https://pypi.org/simple" }
dependencies = [
    { name = "dnspython" },
]
sdist = { url = "https://files.pythonhosted.org/packages/a1/d4/8617dbd734a58c10016f854c96a6aee522d90c4cf8890104c83f47c20126/pymongo-4.14.1.tar.gz", hash = "sha256:d78f5b0b569f4320e2485599d89b088aa6d750aad17cc98fd81a323b544ed3d0", size = 2214806, upload-time = "2025-08-19T18:21:43.026Z" }
wheels = [
    { url = "https://files.pythonhosted.org/packages/ff/95/d4f67fe51d7ef65b82af002ac23dd6fd34b3ddaf7ce843646e7a0554f8d2/pymongo-4.14.1-cp312-cp312-macosx_10_13_x86_64.whl", hash = "sha256:d2cafb545a77738f0506cd538be1b14e9f40ad0b62634d89e1845dee3c726ad5", size = 914257, upload-time = "2025-08-19T18:20:25.152Z" },
    { url = "https://files.pythonhosted.org/packages/32/7a/8df4bb47f20ab4f1ab9c1caf3d96bf1e17ba6dd3c2a03f6588f1339aeeea/pymongo-4.14.1-cp312-cp312-macosx_11_0_arm64.whl", hash = "sha256:a76afb1375f6914fecfdc3bfe6fb7c8c36b682c4707b7fb8ded5c2e17a1c2d77", size = 913942, upload-time = "2025-08-19T18:20:27.465Z" },
    { url = "https://files.pythonhosted.org/packages/a4/de/aeb2fea0e5b8613ded3fd047a1a8cf7133d940123239271cabb1578f9620/pymongo-4.14.1-cp312-cp312-manylinux_2_17_aarch64.manylinux2014_aarch64.whl", hash = "sha256:1f5a4223c6acecb0ab25202a5b4ed6f2b6a41c30204ef44d3d46525e8ea455a9", size = 1692600, upload-time = "2025-08-19T18:20:29.776Z" },
    { url = "https://files.pythonhosted.org/packages/15/cf/9bfa9fc65e78765d13801e769291a8496cc99ef2961b5a23a8d1eb73ebdd/pymongo-4.14.1-cp312-cp312-manylinux_2_17_ppc64le.manylinux2014_ppc64le.whl", hash = "sha256:89c1f6804ae16101d5dd6cf0bd06b10e70e5e870aa98a198824c772ce3cb8ba3", size = 1756836, upload-time = "2025-08-19T18:20:31.514Z" },
    { url = "https://files.pythonhosted.org/packages/4a/f6/83f069342b4d4588b4c516eb3c66ebfd35c88e77c6e0c247762d40d99eb5/pymongo-4.14.1-cp312-cp312-manylinux_2_17_s390x.manylinux2014_s390x.whl", hash = "sha256:eaef22550ba1034e9b0ed309395ec72944348c277e27cc973cd5b07322b1d088", size = 1725880, upload-time = "2025-08-19T18:20:33.458Z" },
    { url = "https://files.pythonhosted.org/packages/e6/16/4f8a0e5bc513c126238827587f21437675033e8561b8eb46ce099f1f4337/pymongo-4.14.1-cp312-cp312-manylinux_2_17_x86_64.manylinux2014_x86_64.whl", hash = "sha256:71500e97dbbda5d3e5dc9354dca865246c7502eea9d041c1ce0ae2c3fa018fd2", size = 1695857, upload-time = "2025-08-19T18:20:35.636Z" },
    { url = "https://files.pythonhosted.org/packages/02/d0/6b814aa2456873c4baaf5f44021f9776aa8c2ef60405357dac82d82a10ab/pymongo-4.14.1-cp312-cp312-manylinux_2_5_i686.manylinux1_i686.manylinux_2_17_i686.manylinux2014_i686.whl", hash = "sha256:6eeea7c92fd8ccd24ad156e2f9c2a117220f1ba0a41968b26d953dc6b8082b1d", size = 1654988, upload-time = "2025-08-19T18:20:37.714Z" },
    { url = "https://files.pythonhosted.org/packages/50/a8/a93578e9b5aa3d595a6c8ce7752ff0be43af11ea97dd2fe42fbeea67e909/pymongo-4.14.1-cp312-cp312-win32.whl", hash = "sha256:78e9ec6345a14e2144a514f501e3bfe69ec8c8fefd0759757e4f47bf0b243522", size = 885085, upload-time = "2025-08-19T18:20:39.504Z" },
    { url = "https://files.pythonhosted.org/packages/10/5a/e5ab4c50e7c8683ada40642ddfbad1a24c509fbff7786afd0a758d8c222f/pymongo-4.14.1-cp312-cp312-win_amd64.whl", hash = "sha256:714589ce1df891e91f808b1e6e678990040997972d2c70454efebfefd1c8e299", size = 904513, upload-time = "2025-08-19T18:20:41.389Z" },
    { url = "https://files.pythonhosted.org/packages/c4/cf/4ce6eaf7d886ff7457a937f5241a15f31de32e9f4394c08c78fb19218864/pymongo-4.14.1-cp313-cp313-macosx_10_13_x86_64.whl", hash = "sha256:cb147d0d77863ae89fa73cf8c0cc1a68d7dd7c5689cf0381501505307136b2bd", size = 968478, upload-time = "2025-08-19T18:20:43.725Z" },
    { url = "https://files.pythonhosted.org/packages/28/19/6d1bc3e8d52c8330627d6de2cff86794aed51aa0c2241b743c31dd28b6eb/pymongo-4.14.1-cp313-cp313-macosx_11_0_arm64.whl", hash = "sha256:e386721b57a50a5acd6e19c3c14cb975cbc0bf1a0364227d6cc15b486bb094cc", size = 968174, upload-time = "2025-08-19T18:20:45.587Z" },
    { url = "https://files.pythonhosted.org/packages/58/39/102b3a5688b254befa3c54fef9df0495eb3b07324ff8076b72452005d89c/pymongo-4.14.1-cp313-cp313-manylinux_2_17_aarch64.manylinux2014_aarch64.whl", hash = "sha256:49a2bf594ce1693f8a3cc4123ec3fa3a86215b395333b22be83c9eb765b24ecb", size = 1956312, upload-time = "2025-08-19T18:20:47.865Z" },
    { url = "https://files.pythonhosted.org/packages/f2/75/c6bc7dddfece46290aabbed52475a9bfd2b63c3bf1d2b724476a0144d50c/pymongo-4.14.1-cp313-cp313-manylinux_2_17_ppc64le.manylinux2014_ppc64le.whl", hash = "sha256:ebb6679929e5bab898e9c5b46ee6fd025f6eb14380e9d4a210e122d79b223548", size = 2033665, upload-time = "2025-08-19T18:20:49.684Z" },
    { url = "https://files.pythonhosted.org/packages/b5/6b/67762afe3ff4a7e7a56ed52ee2d5d4bb75f4309acaa493cc2408dd256174/pymongo-4.14.1-cp313-cp313-manylinux_2_17_s390x.manylinux2014_s390x.whl", hash = "sha256:fcbea95a877b2c7c4e4a18527c4eecbe91bdcb0b202f93d5713d50386138ffa3", size = 1997582, upload-time = "2025-08-19T18:20:51.415Z" },
    { url = "https://files.pythonhosted.org/packages/7f/3f/40282cb2c9114e8b1cb7e72f66d78a8acffaa494c0460ecd3821bf9ef4f6/pymongo-4.14.1-cp313-cp313-manylinux_2_17_x86_64.manylinux2014_x86_64.whl", hash = "sha256:04e780ff2854278d24f7a2011aed45b3df89520c89ca29a7c1ccf9a9f0d513d0", size = 1958311, upload-time = "2025-08-19T18:20:53.675Z" },
    { url = "https://files.pythonhosted.org/packages/b7/b2/f2d40e23c375e8b57493f532f24eb9583625d51c52bb1a9a2a515d7d879b/pymongo-4.14.1-cp313-cp313-manylinux_2_5_i686.manylinux1_i686.manylinux_2_17_i686.manylinux2014_i686.whl", hash = "sha256:147711a3b95d45dd11377a078e77fa302142b67656a8f57076693aa7fba124c1", size = 1907886, upload-time = "2025-08-19T18:20:55.565Z" },
    { url = "https://files.pythonhosted.org/packages/10/76/6b19a6ee2517b579937e4055c99f7d16ef80dc558491b0fca25dc1cb2630/pymongo-4.14.1-cp313-cp313-win32.whl", hash = "sha256:6b945dda0359ba13171201fa2f1e32d4b5e73f57606b8c6dd560eeebf4a69d84", size = 931916, upload-time = "2025-08-19T18:20:57.657Z" },
    { url = "https://files.pythonhosted.org/packages/89/30/c8180c0aab736f3217b146308cd2da0484a057700e35d834bd37e6bd3430/pymongo-4.14.1-cp313-cp313-win_amd64.whl", hash = "sha256:9fba1dcad4260a9c96aa5bd576bf96edeea5682cd6da6b5777c644ef103f16f6", size = 956130, upload-time = "2025-08-19T18:20:59.441Z" },
    { url = "https://files.pythonhosted.org/packages/45/a3/0a7874debbc4f37ec5d5ebb37a2db4bdbb06411142adcea55e55daba09ee/pymongo-4.14.1-cp313-cp313t-macosx_10_13_x86_64.whl", hash = "sha256:184b0b6c3663bec2c13d7e2f0a99233c24b1bc7d8163b8b9a019a3ab159b1ade", size = 1024972, upload-time = "2025-08-19T18:21:01.561Z" },
    { url = "https://files.pythonhosted.org/packages/74/77/5412dfca22e248f0785dff5dae83dc25422c10e784c34be5853a50a72a45/pymongo-4.14.1-cp313-cp313t-macosx_11_0_arm64.whl", hash = "sha256:e0a9bdb95e6fab64c8453dae84834dfd7a8b91cfbc7a3e288d9cdd161621a867", size = 1024973, upload-time = "2025-08-19T18:21:03.383Z" },
    { url = "https://files.pythonhosted.org/packages/55/eb/b36a6b952f017aba45ea4ff035c4908e1cdf5f3f92b1ecf36cc412f8ae89/pymongo-4.14.1-cp313-cp313t-manylinux_2_17_aarch64.manylinux2014_aarch64.whl", hash = "sha256:df5cc411dbe2b064945114598fdb3e36c3eeb38ed2559e459d5a7b2d91074a54", size = 2284673, upload-time = "2025-08-19T18:21:05.611Z" },
    { url = "https://files.pythonhosted.org/packages/57/c2/206d20847871db172e216695371963c0dd2670cf3bb003b063de3f459ae3/pymongo-4.14.1-cp313-cp313t-manylinux_2_17_ppc64le.manylinux2014_ppc64le.whl", hash = "sha256:33a8b2c47db66f3bb33d62e3884fb531b77a58efd412b67b0539c685950c2382", size = 2371709, upload-time = "2025-08-19T18:21:07.367Z" },
    { url = "https://files.pythonhosted.org/packages/b7/1b/f1c26008c61c0ac07344e17074d56c4c7daca10b24d9a5f921cbdb2438c2/pymongo-4.14.1-cp313-cp313t-manylinux_2_17_s390x.manylinux2014_s390x.whl", hash = "sha256:5f08880ad8bd6bdd4bdb5c93c4a6946c5c4e429b648c3b665c435af02005e7db", size = 2331100, upload-time = "2025-08-19T18:21:09.43Z" },
    { url = "https://files.pythonhosted.org/packages/1e/05/4561aa90ac9daff0660d6041d5d5f8bb208085608518c44b4f36a52931b4/pymongo-4.14.1-cp313-cp313t-manylinux_2_17_x86_64.manylinux2014_x86_64.whl", hash = "sha256:92f8c2a3d0f17c432d68304d3abcab36a8a7ba78db93a143ac77eef6b70bc126", size = 2282298, upload-time = "2025-08-19T18:21:11.597Z" },
    { url = "https://files.pythonhosted.org/packages/dd/a2/ad07bdfd439f2cf475b62ccba5278e7edb5c714c675ff80f9ea6cb465971/pymongo-4.14.1-cp313-cp313t-manylinux_2_5_i686.manylinux1_i686.manylinux_2_17_i686.manylinux2014_i686.whl", hash = "sha256:019f8f9b8a61a5780450c5908c38f63e4248f286d804163d3728bc544f0b07b2", size = 2221621, upload-time = "2025-08-19T18:21:15.102Z" },
    { url = "https://files.pythonhosted.org/packages/d8/13/d1bb83a6a68161a770c212a7114ac02b601aeabb9700c399607499e289a3/pymongo-4.14.1-cp313-cp313t-win32.whl", hash = "sha256:414a999a5b9212635f51c8b23481626406b731abaea16659a39df00f538d06d8", size = 981134, upload-time = "2025-08-19T18:21:16.749Z" },
    { url = "https://files.pythonhosted.org/packages/04/a0/3d97f57c1d37df8cd0839290ff08a9d5f2fbe862ecf8560afdf947c32b3d/pymongo-4.14.1-cp313-cp313t-win_amd64.whl", hash = "sha256:9375cf27c04d2be7d02986262e0593ece1e78fa1934744bdd74c0c0b0cd2c2f2", size = 1011425, upload-time = "2025-08-19T18:21:18.561Z" },
]

[[package]]
name = "pytest"
version = "8.4.1"
source = { registry = "https://pypi.org/simple" }
dependencies = [
    { name = "colorama", marker = "sys_platform == 'win32'" },
    { name = "iniconfig" },
    { name = "packaging" },
    { name = "pluggy" },
    { name = "pygments" },
]
sdist = { url = "https://files.pythonhosted.org/packages/08/ba/45911d754e8eba3d5a841a5ce61a65a685ff1798421ac054f85aa8747dfb/pytest-8.4.1.tar.gz", hash = "sha256:7c67fd69174877359ed9371ec3af8a3d2b04741818c51e5e99cc1742251fa93c", size = 1517714, upload-time = "2025-06-18T05:48:06.109Z" }
wheels = [
    { url = "https://files.pythonhosted.org/packages/29/16/c8a903f4c4dffe7a12843191437d7cd8e32751d5de349d45d3fe69544e87/pytest-8.4.1-py3-none-any.whl", hash = "sha256:539c70ba6fcead8e78eebbf1115e8b589e7565830d7d006a8723f19ac8a0afb7", size = 365474, upload-time = "2025-06-18T05:48:03.955Z" },
]

[[package]]
name = "pytest-asyncio"
version = "1.1.0"
source = { registry = "https://pypi.org/simple" }
dependencies = [
    { name = "pytest" },
]
sdist = { url = "https://files.pythonhosted.org/packages/4e/51/f8794af39eeb870e87a8c8068642fc07bce0c854d6865d7dd0f2a9d338c2/pytest_asyncio-1.1.0.tar.gz", hash = "sha256:796aa822981e01b68c12e4827b8697108f7205020f24b5793b3c41555dab68ea", size = 46652, upload-time = "2025-07-16T04:29:26.393Z" }
wheels = [
    { url = "https://files.pythonhosted.org/packages/c7/9d/bf86eddabf8c6c9cb1ea9a869d6873b46f105a5d292d3a6f7071f5b07935/pytest_asyncio-1.1.0-py3-none-any.whl", hash = "sha256:5fe2d69607b0bd75c656d1211f969cadba035030156745ee09e7d71740e58ecf", size = 15157, upload-time = "2025-07-16T04:29:24.929Z" },
]

[[package]]
name = "python-dotenv"
version = "1.1.1"
source = { registry = "https://pypi.org/simple" }
sdist = { url = "https://files.pythonhosted.org/packages/f6/b0/4bc07ccd3572a2f9df7e6782f52b0c6c90dcbb803ac4a167702d7d0dfe1e/python_dotenv-1.1.1.tar.gz", hash = "sha256:a8a6399716257f45be6a007360200409fce5cda2661e3dec71d23dc15f6189ab", size = 41978, upload-time = "2025-06-24T04:21:07.341Z" }
wheels = [
    { url = "https://files.pythonhosted.org/packages/5f/ed/539768cf28c661b5b068d66d96a2f155c4971a5d55684a514c1a0e0dec2f/python_dotenv-1.1.1-py3-none-any.whl", hash = "sha256:31f23644fe2602f88ff55e1f5c79ba497e01224ee7737937930c448e4d0e24dc", size = 20556, upload-time = "2025-06-24T04:21:06.073Z" },
]

[[package]]
name = "ruff"
version = "0.12.11"
source = { registry = "https://pypi.org/simple" }
sdist = { url = "https://files.pythonhosted.org/packages/de/55/16ab6a7d88d93001e1ae4c34cbdcfb376652d761799459ff27c1dc20f6fa/ruff-0.12.11.tar.gz", hash = "sha256:c6b09ae8426a65bbee5425b9d0b82796dbb07cb1af045743c79bfb163001165d", size = 5347103, upload-time = "2025-08-28T13:59:08.87Z" }
wheels = [
    { url = "https://files.pythonhosted.org/packages/d6/a2/3b3573e474de39a7a475f3fbaf36a25600bfeb238e1a90392799163b64a0/ruff-0.12.11-py3-none-linux_armv6l.whl", hash = "sha256:93fce71e1cac3a8bf9200e63a38ac5c078f3b6baebffb74ba5274fb2ab276065", size = 11979885, upload-time = "2025-08-28T13:58:26.654Z" },
    { url = "https://files.pythonhosted.org/packages/76/e4/235ad6d1785a2012d3ded2350fd9bc5c5af8c6f56820e696b0118dfe7d24/ruff-0.12.11-py3-none-macosx_10_12_x86_64.whl", hash = "sha256:b8e33ac7b28c772440afa80cebb972ffd823621ded90404f29e5ab6d1e2d4b93", size = 12742364, upload-time = "2025-08-28T13:58:30.256Z" },
    { url = "https://files.pythonhosted.org/packages/2c/0d/15b72c5fe6b1e402a543aa9d8960e0a7e19dfb079f5b0b424db48b7febab/ruff-0.12.11-py3-none-macosx_11_0_arm64.whl", hash = "sha256:d69fb9d4937aa19adb2e9f058bc4fbfe986c2040acb1a4a9747734834eaa0bfd", size = 11920111, upload-time = "2025-08-28T13:58:33.677Z" },
    { url = "https://files.pythonhosted.org/packages/3e/c0/f66339d7893798ad3e17fa5a1e587d6fd9806f7c1c062b63f8b09dda6702/ruff-0.12.11-py3-none-manylinux_2_17_aarch64.manylinux2014_aarch64.whl", hash = "sha256:411954eca8464595077a93e580e2918d0a01a19317af0a72132283e28ae21bee", size = 12160060, upload-time = "2025-08-28T13:58:35.74Z" },
    { url = "https://files.pythonhosted.org/packages/03/69/9870368326db26f20c946205fb2d0008988aea552dbaec35fbacbb46efaa/ruff-0.12.11-py3-none-manylinux_2_17_armv7l.manylinux2014_armv7l.whl", hash = "sha256:6a2c0a2e1a450f387bf2c6237c727dd22191ae8c00e448e0672d624b2bbd7fb0", size = 11799848, upload-time = "2025-08-28T13:58:38.051Z" },
    { url = "https://files.pythonhosted.org/packages/25/8c/dd2c7f990e9b3a8a55eee09d4e675027d31727ce33cdb29eab32d025bdc9/ruff-0.12.11-py3-none-manylinux_2_17_i686.manylinux2014_i686.whl", hash = "sha256:8ca4c3a7f937725fd2413c0e884b5248a19369ab9bdd850b5781348ba283f644", size = 13536288, upload-time = "2025-08-28T13:58:40.046Z" },
    { url = "https://files.pythonhosted.org/packages/7a/30/d5496fa09aba59b5e01ea76775a4c8897b13055884f56f1c35a4194c2297/ruff-0.12.11-py3-none-manylinux_2_17_ppc64.manylinux2014_ppc64.whl", hash = "sha256:4d1df0098124006f6a66ecf3581a7f7e754c4df7644b2e6704cd7ca80ff95211", size = 14490633, upload-time = "2025-08-28T13:58:42.285Z" },
    { url = "https://files.pythonhosted.org/packages/9b/2f/81f998180ad53445d403c386549d6946d0748e536d58fce5b5e173511183/ruff-0.12.11-py3-none-manylinux_2_17_ppc64le.manylinux2014_ppc64le.whl", hash = "sha256:5a8dd5f230efc99a24ace3b77e3555d3fbc0343aeed3fc84c8d89e75ab2ff793", size = 13888430, upload-time = "2025-08-28T13:58:44.641Z" },
    { url = "https://files.pythonhosted.org/packages/87/71/23a0d1d5892a377478c61dbbcffe82a3476b050f38b5162171942a029ef3/ruff-0.12.11-py3-none-manylinux_2_17_s390x.manylinux2014_s390x.whl", hash = "sha256:4dc75533039d0ed04cd33fb8ca9ac9620b99672fe7ff1533b6402206901c34ee", size = 12913133, upload-time = "2025-08-28T13:58:47.039Z" },
    { url = "https://files.pythonhosted.org/packages/80/22/3c6cef96627f89b344c933781ed38329bfb87737aa438f15da95907cbfd5/ruff-0.12.11-py3-none-manylinux_2_17_x86_64.manylinux2014_x86_64.whl", hash = "sha256:4fc58f9266d62c6eccc75261a665f26b4ef64840887fc6cbc552ce5b29f96cc8", size = 13169082, upload-time = "2025-08-28T13:58:49.157Z" },
    { url = "https://files.pythonhosted.org/packages/05/b5/68b3ff96160d8b49e8dd10785ff3186be18fd650d356036a3770386e6c7f/ruff-0.12.11-py3-none-manylinux_2_31_riscv64.whl", hash = "sha256:5a0113bd6eafd545146440225fe60b4e9489f59eb5f5f107acd715ba5f0b3d2f", size = 13139490, upload-time = "2025-08-28T13:58:51.593Z" },
    { url = "https://files.pythonhosted.org/packages/59/b9/050a3278ecd558f74f7ee016fbdf10591d50119df8d5f5da45a22c6afafc/ruff-0.12.11-py3-none-musllinux_1_2_aarch64.whl", hash = "sha256:0d737b4059d66295c3ea5720e6efc152623bb83fde5444209b69cd33a53e2000", size = 11958928, upload-time = "2025-08-28T13:58:53.943Z" },
    { url = "https://files.pythonhosted.org/packages/f9/bc/93be37347db854806904a43b0493af8d6873472dfb4b4b8cbb27786eb651/ruff-0.12.11-py3-none-musllinux_1_2_armv7l.whl", hash = "sha256:916fc5defee32dbc1fc1650b576a8fed68f5e8256e2180d4d9855aea43d6aab2", size = 11764513, upload-time = "2025-08-28T13:58:55.976Z" },
    { url = "https://files.pythonhosted.org/packages/7a/a1/1471751e2015a81fd8e166cd311456c11df74c7e8769d4aabfbc7584c7ac/ruff-0.12.11-py3-none-musllinux_1_2_i686.whl", hash = "sha256:c984f07d7adb42d3ded5be894fb4007f30f82c87559438b4879fe7aa08c62b39", size = 12745154, upload-time = "2025-08-28T13:58:58.16Z" },
    { url = "https://files.pythonhosted.org/packages/68/ab/2542b14890d0f4872dd81b7b2a6aed3ac1786fae1ce9b17e11e6df9e31e3/ruff-0.12.11-py3-none-musllinux_1_2_x86_64.whl", hash = "sha256:e07fbb89f2e9249f219d88331c833860489b49cdf4b032b8e4432e9b13e8a4b9", size = 13227653, upload-time = "2025-08-28T13:59:00.276Z" },
    { url = "https://files.pythonhosted.org/packages/22/16/2fbfc61047dbfd009c58a28369a693a1484ad15441723be1cd7fe69bb679/ruff-0.12.11-py3-none-win32.whl", hash = "sha256:c792e8f597c9c756e9bcd4d87cf407a00b60af77078c96f7b6366ea2ce9ba9d3", size = 11944270, upload-time = "2025-08-28T13:59:02.347Z" },
    { url = "https://files.pythonhosted.org/packages/08/a5/34276984705bfe069cd383101c45077ee029c3fe3b28225bf67aa35f0647/ruff-0.12.11-py3-none-win_amd64.whl", hash = "sha256:a3283325960307915b6deb3576b96919ee89432ebd9c48771ca12ee8afe4a0fd", size = 13046600, upload-time = "2025-08-28T13:59:04.751Z" },
    { url = "https://files.pythonhosted.org/packages/84/a8/001d4a7c2b37623a3fd7463208267fb906df40ff31db496157549cfd6e72/ruff-0.12.11-py3-none-win_arm64.whl", hash = "sha256:bae4d6e6a2676f8fb0f98b74594a048bae1b944aab17e9f5d504062303c6dbea", size = 12135290, upload-time = "2025-08-28T13:59:06.933Z" },
]
